
Microsoft Visual Studio Solution File, Format Version 12.00
# Visual Studio Version 17
VisualStudioVersion = 17.1.32407.343
MinimumVisualStudioVersion = 10.0.40219.1
Project("{FAE04EC0-301F-11D3-BF4B-00C04F79EFBC}") = "GuiCs-Test", "GuiCs-Test.csproj", "{20129251-048F-46AE-AC05-EB490A48182E}"
EndProject
Global
	GlobalSection(SolutionConfigurationPlatforms) = preSolution
		Debug|Any CPU = Debug|Any CPU
		Release|Any CPU = Release|Any CPU
	EndGlobalSection
	GlobalSection(ProjectConfigurationPlatforms) = postSolution
		{20129251-048F-46AE-AC05-EB490A48182E}.Debug|Any CPU.ActiveCfg = Debug|Any CPU
		{20129251-048F-46AE-AC05-EB490A48182E}.Debug|Any CPU.Build.0 = Debug|Any CPU
		{20129251-048F-46AE-AC05-EB490A48182E}.Release|Any CPU.ActiveCfg = Release|Any CPU
		{20129251-048F-46AE-AC05-EB490A48182E}.Release|Any CPU.Build.0 = Release|Any CPU
	EndGlobalSection
	GlobalSection(SolutionProperties) = preSolution
		HideSolutionNode = FALSE
	EndGlobalSection
	GlobalSection(ExtensibilityGlobals) = postSolution
		SolutionGuid = {5389987B-7A84-4CF5-81D7-9B594160D388}
	EndGlobalSection
EndGlobal
